<?xml version="1.0" encoding="utf-8"?>
<Project ToolsVersion="4.0" xmlns="http://schemas.microsoft.com/developer/msbuild/2003">
  <ItemGroup>
    <ClCompile Include="..\..\datastructure\datastructure\main.cpp" />
    <ClCompile Include="binary_search.cpp" />
    <ClCompile Include="bstree.cpp" />
    <ClCompile Include="bstree_test.cpp" />
    <ClCompile Include="bst_isomophic.cpp" />
    <ClCompile Include="count_tick.cpp" />
    <ClCompile Include="list_1_2.cpp" />
    <ClCompile Include="list_2.cpp" />
    <ClCompile Include="polymath.cpp" />
    <ClCompile Include="primefactor.cpp" />
    <ClCompile Include="queue_bstree.cpp" />
    <ClCompile Include="queue_link.cpp" />
    <ClCompile Include="queue_sequence.cpp" />
    <ClCompile Include="sort.cpp" />
    <ClCompile Include="stack_array.cpp" />
    <ClCompile Include="stack_chain.cpp" />
    <ClCompile Include="stdafx.cpp" />
    <ClCompile Include="maxsubseqsum.cpp" />
    <ClCompile Include="printN.cpp" />
    <ClCompile Include="list_1.cpp" />
    <ClCompile Include="utils.cpp" />
    <ClCompile Include="BinarySearchTree.cpp" />
    <ClCompile Include="avl.cpp" />
    <ClCompile Include="bst_eq.cpp" />
    <ClCompile Include="heap.cpp" />
    <ClCompile Include="maxheap.cpp" />
    <ClCompile Include="minheap.cpp" />
    <ClCompile Include="huffman.cpp" />
    <ClCompile Include="set.cpp" />
    <ClCompile Include="heap_path.cpp" />
    <ClCompile Include="simpleset.cpp" />
    <ClCompile Include="graph_table.cpp" />
    <ClCompile Include="graph_matrix.cpp" />
    <ClCompile Include="graph_lg.cpp" />
    <ClCompile Include="graph_m.cpp" />
    <ClCompile Include="tree_tranverse_again.cpp" />
    <ClCompile Include="listmerge.cpp" />
    <ClCompile Include="shortestpath.cpp" />
    <ClCompile Include="floyd.cpp" />
    <ClCompile Include="sixdegree.cpp" />
    <ClCompile Include="maxsubsequence.cpp" />
    <ClCompile Include="basesort.cpp" />
    <ClCompile Include="sortCompare.cpp" />
    <ClCompile Include="whichsortmethod.cpp" />
    <ClCompile Include="array.cpp" />
    <ClCompile Include="radixsort.cpp" />
    <ClCompile Include="agestastistics.cpp" />
    <ClCompile Include="pat_judge.cpp" />
    <ClCompile Include="sortwithswap.cpp" />
  </ItemGroup>
  <ItemGroup>
    <ClInclude Include="binary_search.h" />
    <ClInclude Include="bstree.h" />
    <ClInclude Include="bst_isomophic.h" />
    <ClInclude Include="ch2.h" />
    <ClInclude Include="demo.h" />
    <ClInclude Include="polymath.h" />
    <ClInclude Include="primefactor.h" />
    <ClInclude Include="queue_bstree.h" />
    <ClInclude Include="queue_link.h" />
    <ClInclude Include="queue_sequence.h" />
    <ClInclude Include="SequenceStack1.0.h" />
    <ClInclude Include="sort.h" />
    <ClInclude Include="stdafx.h" />
    <ClInclude Include="targetver.h" />
    <ClInclude Include="ch1.h" />
    <ClInclude Include="utils.h" />
    <ClInclude Include="BinarySearchTree.h" />
    <ClInclude Include="avl.h" />
    <ClInclude Include="bst_eq.h" />
    <ClInclude Include="heap.h" />
    <ClInclude Include="maxheap.h" />
    <ClInclude Include="minheap.h" />
    <ClInclude Include="huffman.h" />
    <ClInclude Include="set.h" />
    <ClInclude Include="heap_path.h" />
    <ClInclude Include="simpleset.h" />
    <ClInclude Include="graph_matrix.h" />
    <ClInclude Include="graph_table.h" />
    <ClInclude Include="graph_lg.h" />
    <ClInclude Include="graph_m.h" />
    <ClInclude Include="stack_chain.h" />
    <ClInclude Include="listmerge.h" />
    <ClInclude Include="shortestpath.h" />
    <ClInclude Include="floyd.h" />
    <ClInclude Include="sixdegree.h" />
    <ClInclude Include="basesort.h" />
    <ClInclude Include="counttick.h" />
    <ClInclude Include="whichsortmethod.h" />
    <ClInclude Include="array.h" />
    <ClInclude Include="radixsort.h" />
  </ItemGroup>
  <ItemGroup>
    <Text Include="tree_tranverse_again.txt" />
  </ItemGroup>
</Project>